# THIS IS AN AUTOGENERATED FILE. DO NOT EDIT THIS FILE DIRECTLY.
# yarn lockfile v1


"@mapbox/point-geometry@^0.1.0":
  version "0.1.0"
  resolved "https://registry.yarnpkg.com/@mapbox/point-geometry/-/point-geometry-0.1.0.tgz#8a83f9335c7860effa2eeeca254332aa0aeed8f2"

eventemitter3@^1.1.0:
  version "1.2.0"
  resolved "https://registry.yarnpkg.com/eventemitter3/-/eventemitter3-1.2.0.tgz#1c86991d816ad1e504750e73874224ecf3bec508"

google-map-react@^1.1.0:
  version "1.1.0"
  resolved "https://registry.yarnpkg.com/google-map-react/-/google-map-react-1.1.0.tgz#ecb8c1c05548c5b564b69ae0518afc784e4f40dc"
  dependencies:
    "@mapbox/point-geometry" "^0.1.0"
    eventemitter3 "^1.1.0"
    scriptjs "^2.5.7"

scriptjs@^2.5.7:
  version "2.5.9"
  resolved "https://registry.yarnpkg.com/scriptjs/-/scriptjs-2.5.9.tgz#343915cd2ec2ed9bfdde2b9875cd28f59394b35f"
